<Solution>
  <Configurations>
    <Platform Name="Any CPU" />
    <Platform Name="x64" />
    <Platform Name="x86" />
  </Configurations>
  <Folder Name="/src/">
    <Project Path="src/BLChess.Domain/BLChess.Domain.fsproj" />
  </Folder>
  <Folder Name="/test/">
    <Project Path="test/BLChess.Domain.Tests/BLChess.Domain.Tests.fsproj" />
  </Folder>
</Solution>
